
Microsoft Visual Studio Solution File, Format Version 12.00
# Visual Studio 15
VisualStudioVersion = 15.0.27004.2005
MinimumVisualStudioVersion = 10.0.40219.1
Project("{9A19103F-16F7-4668-BE54-9A1E7A4F7556}") = "vivego.Discovery.Abstactions", "src\vivego.Discovery\vivego.Discovery.Abstactions.csproj", "{8898E2F4-047B-401A-933F-F3954CAC6904}"
EndProject
Project("{9A19103F-16F7-4668-BE54-9A1E7A4F7556}") = "vivego.Discovery.DotNetty", "src\vivego.Discovery.DotNetty\vivego.Discovery.DotNetty.csproj", "{4360866F-C054-4DB2-AF01-8405AFAF665B}"
EndProject
Project("{2150E333-8FDC-42A3-9474-1A3956D46DE8}") = "SolutionItems", "SolutionItems", "{85C93B09-58B6-496F-B9EC-06D7E82C812A}"
	ProjectSection(SolutionItems) = preProject
		Build.ps1 = Build.ps1
		CleanVisualStudioProject.ps1 = CleanVisualStudioProject.ps1
		global.json = global.json
		NuGet.Config = NuGet.Config
		Readme.md = Readme.md
		Version.txt = Version.txt
	EndProjectSection
EndProject
Project("{9A19103F-16F7-4668-BE54-9A1E7A4F7556}") = "vivego.core", "src\vivego.core\vivego.core.csproj", "{C855B22A-9239-4BFA-88BA-392830B7A213}"
EndProject
Project("{9A19103F-16F7-4668-BE54-9A1E7A4F7556}") = "vivego.Proto", "src\vivego.Proto.Actor.core\vivego.Proto.csproj", "{03709460-1498-4016-9F61-91010DEAB0ED}"
EndProject
Project("{2150E333-8FDC-42A3-9474-1A3956D46DE8}") = "Testing", "Testing", "{27455CB0-BC01-4B53-855E-393838A4BEB0}"
EndProject
Project("{9A19103F-16F7-4668-BE54-9A1E7A4F7556}") = "vivego.EventLoopScheduler.StressTest", "test\vivego.EventLoopScheduler.StressTest\vivego.EventLoopScheduler.StressTest.csproj", "{4B93CA2F-8A9E-42E9-B7B0-67FFE3827268}"
EndProject
Project("{9A19103F-16F7-4668-BE54-9A1E7A4F7556}") = "vivego.FullTextSearch", "src\vivego.TextSearch\vivego.FullTextSearch.csproj", "{268E0D60-D3DE-472D-9719-79A7FEE01859}"
EndProject
Project("{2150E333-8FDC-42A3-9474-1A3956D46DE8}") = "TextSearch", "TextSearch", "{45BE0C3E-B893-44D5-B966-D8BBC67174D2}"
EndProject
Project("{9A19103F-16F7-4668-BE54-9A1E7A4F7556}") = "vivego.Proto.PubSub", "src\vivego.Proto.PubSub\vivego.Proto.PubSub.csproj", "{C19E7CE8-FF80-41C6-976E-8F2BF4AC8579}"
EndProject
Project("{9A19103F-16F7-4668-BE54-9A1E7A4F7556}") = "vivego.Serializer.MessagePack", "src\vivego.Serializer.MessagePack\vivego.Serializer.MessagePack.csproj", "{885E2B4E-0F38-4FCE-9B70-D22F58F69D54}"
EndProject
Project("{9A19103F-16F7-4668-BE54-9A1E7A4F7556}") = "vivego.Serializer.Abstractions", "src\vivego.Serializer.Abstractions\vivego.Serializer.Abstractions.csproj", "{C0B29A63-2CA8-4A6D-B08A-7A29866D1579}"
EndProject
Project("{9A19103F-16F7-4668-BE54-9A1E7A4F7556}") = "ProtoBroker.Playground", "src\vivego.Broker.Playground\ProtoBroker.Playground.csproj", "{809B0B54-39A6-4582-B846-A0E5303DF67F}"
EndProject
Project("{9A19103F-16F7-4668-BE54-9A1E7A4F7556}") = "vivego.WampSharp.Proto.SubPub.Backplane", "src\vivego.WampSharp.Proto.SubPub.Backplane\vivego.WampSharp.Proto.SubPub.Backplane.csproj", "{C606F25A-0868-46F1-B92C-55AD5119EF43}"
EndProject
Project("{9A19103F-16F7-4668-BE54-9A1E7A4F7556}") = "vivego.WampSharp.Proto.SubPub.Backplane.Playground", "src\vivego.WampSharp.Proto.SubPub.Backplane.Playground\vivego.WampSharp.Proto.SubPub.Backplane.Playground.csproj", "{B5C0871D-BEF1-4749-BD9C-F37AEFBEF85B}"
EndProject
Project("{9A19103F-16F7-4668-BE54-9A1E7A4F7556}") = "vivego.Serializer.Wire", "src\vivego.Serializer.Wire\vivego.Serializer.Wire.csproj", "{AD6D65B1-665E-4196-B218-7635EB2D0C48}"
EndProject
Project("{9A19103F-16F7-4668-BE54-9A1E7A4F7556}") = "vivego.Orleans.Providers", "src\vivego.Orleans.Providers\vivego.Orleans.Providers.csproj", "{2AFF40DC-40EA-4035-A88F-D5C6B68FAD28}"
EndProject
Project("{9A19103F-16F7-4668-BE54-9A1E7A4F7556}") = "vivego.Orleans.Playground", "src\vivego.Orleans.Playground\vivego.Orleans.Playground.csproj", "{3972D654-32AF-4A39-9DE6-A2ED575A82E0}"
EndProject
Project("{9A19103F-16F7-4668-BE54-9A1E7A4F7556}") = "vivego.SerializerTests", "test\vivego.SerializerTests\vivego.SerializerTests.csproj", "{38B447F9-7FE8-4CCC-BA22-9D7A7C597B4C}"
EndProject
Project("{9A19103F-16F7-4668-BE54-9A1E7A4F7556}") = "vivego.Proto.PubSub.DistributedCache", "src\vivego.Proto.PubSub.DistributedCache\vivego.Proto.PubSub.DistributedCache.csproj", "{ABD0C6D9-0384-41D8-8F2C-2A2964D8E112}"
EndProject
Project("{9A19103F-16F7-4668-BE54-9A1E7A4F7556}") = "vivego.SignalR.Proto.PubSub", "src\vivego.SignalR.Proto.PubSub\vivego.SignalR.Proto.PubSub.csproj", "{67230678-C8CD-4C64-8FF0-FE3D103D838E}"
EndProject
Project("{9A19103F-16F7-4668-BE54-9A1E7A4F7556}") = "vivego.PublishSubscribe", "sec\vivego.PublishSubscribe\vivego.PublishSubscribe.csproj", "{70321C89-1CC5-41E7-A10B-CAC644324D27}"
EndProject
Project("{2150E333-8FDC-42A3-9474-1A3956D46DE8}") = "Serialization", "Serialization", "{401B6E82-1192-4695-8A8F-36D3DE0BDA73}"
EndProject
Project("{9A19103F-16F7-4668-BE54-9A1E7A4F7556}") = "vivego.Serializer.NewtonSoft", "src\vivego.Serializer.NewtonSoft\vivego.Serializer.NewtonSoft.csproj", "{7403BF71-F40D-4429-99CC-7837E55791D2}"
EndProject
Project("{2150E333-8FDC-42A3-9474-1A3956D46DE8}") = "PublishSubscribe", "PublishSubscribe", "{103AF6D6-AAE9-4E48-83A1-ECB16E82A897}"
EndProject
Project("{2150E333-8FDC-42A3-9474-1A3956D46DE8}") = "Orleans", "Orleans", "{042A0FB6-F651-444C-8B78-D0B1224267DC}"
EndProject
Project("{2150E333-8FDC-42A3-9474-1A3956D46DE8}") = "SignalR", "SignalR", "{43D36B23-3372-4793-B97B-BB161BFB019B}"
EndProject
Project("{2150E333-8FDC-42A3-9474-1A3956D46DE8}") = "Discovery", "Discovery", "{5FC48955-31D8-4E78-BDCC-B6CB5E6F941B}"
EndProject
Project("{2150E333-8FDC-42A3-9474-1A3956D46DE8}") = "WAMP", "WAMP", "{06E60385-23BB-410E-A26C-A996A1A2C8F0}"
EndProject
Project("{FAE04EC0-301F-11D3-BF4B-00C04F79EFBC}") = "vivego.Discovery.Dns", "src\vivego.Discovery.Dns\vivego.Discovery.Dns.csproj", "{3BDE2AFF-510B-44AE-9A7E-A1D9BAB51530}"
EndProject
Global
	GlobalSection(SolutionConfigurationPlatforms) = preSolution
		Debug|Any CPU = Debug|Any CPU
		Release|Any CPU = Release|Any CPU
	EndGlobalSection
	GlobalSection(ProjectConfigurationPlatforms) = postSolution
		{8898E2F4-047B-401A-933F-F3954CAC6904}.Debug|Any CPU.ActiveCfg = Debug|Any CPU
		{8898E2F4-047B-401A-933F-F3954CAC6904}.Debug|Any CPU.Build.0 = Debug|Any CPU
		{8898E2F4-047B-401A-933F-F3954CAC6904}.Release|Any CPU.ActiveCfg = Release|Any CPU
		{8898E2F4-047B-401A-933F-F3954CAC6904}.Release|Any CPU.Build.0 = Release|Any CPU
		{4360866F-C054-4DB2-AF01-8405AFAF665B}.Debug|Any CPU.ActiveCfg = Debug|Any CPU
		{4360866F-C054-4DB2-AF01-8405AFAF665B}.Debug|Any CPU.Build.0 = Debug|Any CPU
		{4360866F-C054-4DB2-AF01-8405AFAF665B}.Release|Any CPU.ActiveCfg = Release|Any CPU
		{4360866F-C054-4DB2-AF01-8405AFAF665B}.Release|Any CPU.Build.0 = Release|Any CPU
		{C855B22A-9239-4BFA-88BA-392830B7A213}.Debug|Any CPU.ActiveCfg = Debug|Any CPU
		{C855B22A-9239-4BFA-88BA-392830B7A213}.Debug|Any CPU.Build.0 = Debug|Any CPU
		{C855B22A-9239-4BFA-88BA-392830B7A213}.Release|Any CPU.ActiveCfg = Release|Any CPU
		{C855B22A-9239-4BFA-88BA-392830B7A213}.Release|Any CPU.Build.0 = Release|Any CPU
		{03709460-1498-4016-9F61-91010DEAB0ED}.Debug|Any CPU.ActiveCfg = Debug|Any CPU
		{03709460-1498-4016-9F61-91010DEAB0ED}.Debug|Any CPU.Build.0 = Debug|Any CPU
		{03709460-1498-4016-9F61-91010DEAB0ED}.Release|Any CPU.ActiveCfg = Release|Any CPU
		{03709460-1498-4016-9F61-91010DEAB0ED}.Release|Any CPU.Build.0 = Release|Any CPU
		{4B93CA2F-8A9E-42E9-B7B0-67FFE3827268}.Debug|Any CPU.ActiveCfg = Debug|Any CPU
		{4B93CA2F-8A9E-42E9-B7B0-67FFE3827268}.Debug|Any CPU.Build.0 = Debug|Any CPU
		{4B93CA2F-8A9E-42E9-B7B0-67FFE3827268}.Release|Any CPU.ActiveCfg = Release|Any CPU
		{4B93CA2F-8A9E-42E9-B7B0-67FFE3827268}.Release|Any CPU.Build.0 = Release|Any CPU
		{268E0D60-D3DE-472D-9719-79A7FEE01859}.Debug|Any CPU.ActiveCfg = Debug|Any CPU
		{268E0D60-D3DE-472D-9719-79A7FEE01859}.Debug|Any CPU.Build.0 = Debug|Any CPU
		{268E0D60-D3DE-472D-9719-79A7FEE01859}.Release|Any CPU.ActiveCfg = Release|Any CPU
		{268E0D60-D3DE-472D-9719-79A7FEE01859}.Release|Any CPU.Build.0 = Release|Any CPU
		{C19E7CE8-FF80-41C6-976E-8F2BF4AC8579}.Debug|Any CPU.ActiveCfg = Debug|Any CPU
		{C19E7CE8-FF80-41C6-976E-8F2BF4AC8579}.Debug|Any CPU.Build.0 = Debug|Any CPU
		{C19E7CE8-FF80-41C6-976E-8F2BF4AC8579}.Release|Any CPU.ActiveCfg = Release|Any CPU
		{C19E7CE8-FF80-41C6-976E-8F2BF4AC8579}.Release|Any CPU.Build.0 = Release|Any CPU
		{885E2B4E-0F38-4FCE-9B70-D22F58F69D54}.Debug|Any CPU.ActiveCfg = Debug|Any CPU
		{885E2B4E-0F38-4FCE-9B70-D22F58F69D54}.Debug|Any CPU.Build.0 = Debug|Any CPU
		{885E2B4E-0F38-4FCE-9B70-D22F58F69D54}.Release|Any CPU.ActiveCfg = Release|Any CPU
		{885E2B4E-0F38-4FCE-9B70-D22F58F69D54}.Release|Any CPU.Build.0 = Release|Any CPU
		{C0B29A63-2CA8-4A6D-B08A-7A29866D1579}.Debug|Any CPU.ActiveCfg = Debug|Any CPU
		{C0B29A63-2CA8-4A6D-B08A-7A29866D1579}.Debug|Any CPU.Build.0 = Debug|Any CPU
		{C0B29A63-2CA8-4A6D-B08A-7A29866D1579}.Release|Any CPU.ActiveCfg = Release|Any CPU
		{C0B29A63-2CA8-4A6D-B08A-7A29866D1579}.Release|Any CPU.Build.0 = Release|Any CPU
		{809B0B54-39A6-4582-B846-A0E5303DF67F}.Debug|Any CPU.ActiveCfg = Debug|Any CPU
		{809B0B54-39A6-4582-B846-A0E5303DF67F}.Debug|Any CPU.Build.0 = Debug|Any CPU
		{809B0B54-39A6-4582-B846-A0E5303DF67F}.Release|Any CPU.ActiveCfg = Release|Any CPU
		{809B0B54-39A6-4582-B846-A0E5303DF67F}.Release|Any CPU.Build.0 = Release|Any CPU
		{C606F25A-0868-46F1-B92C-55AD5119EF43}.Debug|Any CPU.ActiveCfg = Debug|Any CPU
		{C606F25A-0868-46F1-B92C-55AD5119EF43}.Debug|Any CPU.Build.0 = Debug|Any CPU
		{C606F25A-0868-46F1-B92C-55AD5119EF43}.Release|Any CPU.ActiveCfg = Release|Any CPU
		{C606F25A-0868-46F1-B92C-55AD5119EF43}.Release|Any CPU.Build.0 = Release|Any CPU
		{B5C0871D-BEF1-4749-BD9C-F37AEFBEF85B}.Debug|Any CPU.ActiveCfg = Debug|Any CPU
		{B5C0871D-BEF1-4749-BD9C-F37AEFBEF85B}.Debug|Any CPU.Build.0 = Debug|Any CPU
		{B5C0871D-BEF1-4749-BD9C-F37AEFBEF85B}.Release|Any CPU.ActiveCfg = Release|Any CPU
		{B5C0871D-BEF1-4749-BD9C-F37AEFBEF85B}.Release|Any CPU.Build.0 = Release|Any CPU
		{AD6D65B1-665E-4196-B218-7635EB2D0C48}.Debug|Any CPU.ActiveCfg = Debug|Any CPU
		{AD6D65B1-665E-4196-B218-7635EB2D0C48}.Debug|Any CPU.Build.0 = Debug|Any CPU
		{AD6D65B1-665E-4196-B218-7635EB2D0C48}.Release|Any CPU.ActiveCfg = Release|Any CPU
		{AD6D65B1-665E-4196-B218-7635EB2D0C48}.Release|Any CPU.Build.0 = Release|Any CPU
		{2AFF40DC-40EA-4035-A88F-D5C6B68FAD28}.Debug|Any CPU.ActiveCfg = Debug|Any CPU
		{2AFF40DC-40EA-4035-A88F-D5C6B68FAD28}.Debug|Any CPU.Build.0 = Debug|Any CPU
		{2AFF40DC-40EA-4035-A88F-D5C6B68FAD28}.Release|Any CPU.ActiveCfg = Release|Any CPU
		{2AFF40DC-40EA-4035-A88F-D5C6B68FAD28}.Release|Any CPU.Build.0 = Release|Any CPU
		{3972D654-32AF-4A39-9DE6-A2ED575A82E0}.Debug|Any CPU.ActiveCfg = Debug|Any CPU
		{3972D654-32AF-4A39-9DE6-A2ED575A82E0}.Debug|Any CPU.Build.0 = Debug|Any CPU
		{3972D654-32AF-4A39-9DE6-A2ED575A82E0}.Release|Any CPU.ActiveCfg = Release|Any CPU
		{3972D654-32AF-4A39-9DE6-A2ED575A82E0}.Release|Any CPU.Build.0 = Release|Any CPU
		{38B447F9-7FE8-4CCC-BA22-9D7A7C597B4C}.Debug|Any CPU.ActiveCfg = Debug|Any CPU
		{38B447F9-7FE8-4CCC-BA22-9D7A7C597B4C}.Debug|Any CPU.Build.0 = Debug|Any CPU
		{38B447F9-7FE8-4CCC-BA22-9D7A7C597B4C}.Release|Any CPU.ActiveCfg = Release|Any CPU
		{38B447F9-7FE8-4CCC-BA22-9D7A7C597B4C}.Release|Any CPU.Build.0 = Release|Any CPU
		{ABD0C6D9-0384-41D8-8F2C-2A2964D8E112}.Debug|Any CPU.ActiveCfg = Debug|Any CPU
		{ABD0C6D9-0384-41D8-8F2C-2A2964D8E112}.Debug|Any CPU.Build.0 = Debug|Any CPU
		{ABD0C6D9-0384-41D8-8F2C-2A2964D8E112}.Release|Any CPU.ActiveCfg = Release|Any CPU
		{ABD0C6D9-0384-41D8-8F2C-2A2964D8E112}.Release|Any CPU.Build.0 = Release|Any CPU
		{67230678-C8CD-4C64-8FF0-FE3D103D838E}.Debug|Any CPU.ActiveCfg = Debug|Any CPU
		{67230678-C8CD-4C64-8FF0-FE3D103D838E}.Debug|Any CPU.Build.0 = Debug|Any CPU
		{67230678-C8CD-4C64-8FF0-FE3D103D838E}.Release|Any CPU.ActiveCfg = Release|Any CPU
		{67230678-C8CD-4C64-8FF0-FE3D103D838E}.Release|Any CPU.Build.0 = Release|Any CPU
		{70321C89-1CC5-41E7-A10B-CAC644324D27}.Debug|Any CPU.ActiveCfg = Debug|Any CPU
		{70321C89-1CC5-41E7-A10B-CAC644324D27}.Debug|Any CPU.Build.0 = Debug|Any CPU
		{70321C89-1CC5-41E7-A10B-CAC644324D27}.Release|Any CPU.ActiveCfg = Release|Any CPU
		{70321C89-1CC5-41E7-A10B-CAC644324D27}.Release|Any CPU.Build.0 = Release|Any CPU
		{7403BF71-F40D-4429-99CC-7837E55791D2}.Debug|Any CPU.ActiveCfg = Debug|Any CPU
		{7403BF71-F40D-4429-99CC-7837E55791D2}.Debug|Any CPU.Build.0 = Debug|Any CPU
		{7403BF71-F40D-4429-99CC-7837E55791D2}.Release|Any CPU.ActiveCfg = Release|Any CPU
		{7403BF71-F40D-4429-99CC-7837E55791D2}.Release|Any CPU.Build.0 = Release|Any CPU
		{3BDE2AFF-510B-44AE-9A7E-A1D9BAB51530}.Debug|Any CPU.ActiveCfg = Debug|Any CPU
		{3BDE2AFF-510B-44AE-9A7E-A1D9BAB51530}.Debug|Any CPU.Build.0 = Debug|Any CPU
		{3BDE2AFF-510B-44AE-9A7E-A1D9BAB51530}.Release|Any CPU.ActiveCfg = Release|Any CPU
		{3BDE2AFF-510B-44AE-9A7E-A1D9BAB51530}.Release|Any CPU.Build.0 = Release|Any CPU
	EndGlobalSection
	GlobalSection(SolutionProperties) = preSolution
		HideSolutionNode = FALSE
	EndGlobalSection
	GlobalSection(NestedProjects) = preSolution
		{8898E2F4-047B-401A-933F-F3954CAC6904} = {5FC48955-31D8-4E78-BDCC-B6CB5E6F941B}
		{4360866F-C054-4DB2-AF01-8405AFAF665B} = {5FC48955-31D8-4E78-BDCC-B6CB5E6F941B}
		{03709460-1498-4016-9F61-91010DEAB0ED} = {103AF6D6-AAE9-4E48-83A1-ECB16E82A897}
		{4B93CA2F-8A9E-42E9-B7B0-67FFE3827268} = {27455CB0-BC01-4B53-855E-393838A4BEB0}
		{268E0D60-D3DE-472D-9719-79A7FEE01859} = {45BE0C3E-B893-44D5-B966-D8BBC67174D2}
		{C19E7CE8-FF80-41C6-976E-8F2BF4AC8579} = {103AF6D6-AAE9-4E48-83A1-ECB16E82A897}
		{885E2B4E-0F38-4FCE-9B70-D22F58F69D54} = {401B6E82-1192-4695-8A8F-36D3DE0BDA73}
		{C0B29A63-2CA8-4A6D-B08A-7A29866D1579} = {401B6E82-1192-4695-8A8F-36D3DE0BDA73}
		{809B0B54-39A6-4582-B846-A0E5303DF67F} = {103AF6D6-AAE9-4E48-83A1-ECB16E82A897}
		{C606F25A-0868-46F1-B92C-55AD5119EF43} = {06E60385-23BB-410E-A26C-A996A1A2C8F0}
		{B5C0871D-BEF1-4749-BD9C-F37AEFBEF85B} = {06E60385-23BB-410E-A26C-A996A1A2C8F0}
		{AD6D65B1-665E-4196-B218-7635EB2D0C48} = {401B6E82-1192-4695-8A8F-36D3DE0BDA73}
		{2AFF40DC-40EA-4035-A88F-D5C6B68FAD28} = {042A0FB6-F651-444C-8B78-D0B1224267DC}
		{3972D654-32AF-4A39-9DE6-A2ED575A82E0} = {042A0FB6-F651-444C-8B78-D0B1224267DC}
		{38B447F9-7FE8-4CCC-BA22-9D7A7C597B4C} = {27455CB0-BC01-4B53-855E-393838A4BEB0}
		{ABD0C6D9-0384-41D8-8F2C-2A2964D8E112} = {103AF6D6-AAE9-4E48-83A1-ECB16E82A897}
		{67230678-C8CD-4C64-8FF0-FE3D103D838E} = {43D36B23-3372-4793-B97B-BB161BFB019B}
		{70321C89-1CC5-41E7-A10B-CAC644324D27} = {103AF6D6-AAE9-4E48-83A1-ECB16E82A897}
		{7403BF71-F40D-4429-99CC-7837E55791D2} = {401B6E82-1192-4695-8A8F-36D3DE0BDA73}
		{3BDE2AFF-510B-44AE-9A7E-A1D9BAB51530} = {5FC48955-31D8-4E78-BDCC-B6CB5E6F941B}
	EndGlobalSection
	GlobalSection(ExtensibilityGlobals) = postSolution
		SolutionGuid = {70692A79-59D4-47A2-A406-C5C9EEC32B93}
	EndGlobalSection
EndGlobal
