
Microsoft Visual Studio Solution File, Format Version 12.00
# Visual Studio 15
VisualStudioVersion = 15.0.26621.2
MinimumVisualStudioVersion = 10.0.40219.1
Project("{FAE04EC0-301F-11D3-BF4B-00C04F79EFBC}") = "vivego", "vivego\vivego.csproj", "{C1BF00FD-2A10-41F0-8B59-290845AC7DFC}"
EndProject
Global
	GlobalSection(SolutionConfigurationPlatforms) = preSolution
		Debug|Any CPU = Debug|Any CPU
		Release|Any CPU = Release|Any CPU
	EndGlobalSection
	GlobalSection(ProjectConfigurationPlatforms) = postSolution
		{C1BF00FD-2A10-41F0-8B59-290845AC7DFC}.Debug|Any CPU.ActiveCfg = Debug|Any CPU
		{C1BF00FD-2A10-41F0-8B59-290845AC7DFC}.Debug|Any CPU.Build.0 = Debug|Any CPU
		{C1BF00FD-2A10-41F0-8B59-290845AC7DFC}.Release|Any CPU.ActiveCfg = Release|Any CPU
		{C1BF00FD-2A10-41F0-8B59-290845AC7DFC}.Release|Any CPU.Build.0 = Release|Any CPU
	EndGlobalSection
	GlobalSection(SolutionProperties) = preSolution
		HideSolutionNode = FALSE
	EndGlobalSection
	GlobalSection(ExtensibilityGlobals) = postSolution
		SolutionGuid = {70692A79-59D4-47A2-A406-C5C9EEC32B93}
	EndGlobalSection
EndGlobal
